
Microsoft Visual Studio Solution File, Format Version 12.00
# Visual Studio Version 17
VisualStudioVersion = 17.12.35527.113
MinimumVisualStudioVersion = 10.0.40219.1
Project("{54A90642-561A-4BB1-A94E-469ADEE60C69}") = "Frontend", "Frontend\Frontend.esproj", "{7C7A2865-3DC7-4BA0-87B6-606EF39A9080}"
EndProject
Project("{FAE04EC0-301F-11D3-BF4B-00C04F79EFBC}") = "HappeningService", "HappeningService\HappeningService.csproj", "{A901CB76-468D-4ED3-8DB1-3CEFBF058096}"
EndProject
Project("{FAE04EC0-301F-11D3-BF4B-00C04F79EFBC}") = "Contracts", "Contracts\Contracts.csproj", "{0BF7CAD5-1DC9-492A-AD95-2DCD5671F5DA}"
EndProject
Project("{FAE04EC0-301F-11D3-BF4B-00C04F79EFBC}") = "DataHarvester", "DataHarvester\DataHarvester.csproj", "{82712BEE-18FB-4190-AF71-2725A3A27F91}"
EndProject
Project("{FAE04EC0-301F-11D3-BF4B-00C04F79EFBC}") = "ArtistService", "ArtistService\ArtistService.csproj", "{3ED8526D-5E36-4179-98BD-BC3AC3E9C19F}"
EndProject
Project("{FAE04EC0-301F-11D3-BF4B-00C04F79EFBC}") = "JobScheduler", "JobScheduler\JobScheduler.csproj", "{E1FA31F7-21F3-4502-8D46-95CAB0902A05}"
EndProject
Project("{2150E333-8FDC-42A3-9474-1A3956D46DE8}") = "Solution Items", "Solution Items", "{5FD7385A-B0E3-403B-BB24-0E2C060AAFEA}"
	ProjectSection(SolutionItems) = preProject
		docker-compose.yml = docker-compose.yml
	EndProjectSection
EndProject
Project("{FAE04EC0-301F-11D3-BF4B-00C04F79EFBC}") = "InformationService", "InformationService\InformationService.csproj", "{BC0935CC-94E7-4C6C-9F32-A04F85632A40}"
EndProject
Project("{FAE04EC0-301F-11D3-BF4B-00C04F79EFBC}") = "SpotFestTests", "SpotFestTests\SpotFestTests.csproj", "{CD4A4AB4-41F7-4C4E-9498-CF090726D79E}"
	ProjectSection(ProjectDependencies) = postProject
		{0BF7CAD5-1DC9-492A-AD95-2DCD5671F5DA} = {0BF7CAD5-1DC9-492A-AD95-2DCD5671F5DA}
		{82712BEE-18FB-4190-AF71-2725A3A27F91} = {82712BEE-18FB-4190-AF71-2725A3A27F91}
		{E1FA31F7-21F3-4502-8D46-95CAB0902A05} = {E1FA31F7-21F3-4502-8D46-95CAB0902A05}
	EndProjectSection
EndProject
Project("{FAE04EC0-301F-11D3-BF4B-00C04F79EFBC}") = "UserAuthService", "UserAuthService\UserAuthService.csproj", "{9EB83B35-2A86-4B7B-B430-0D043E0FAFC8}"
EndProject
Global
	GlobalSection(SolutionConfigurationPlatforms) = preSolution
		Debug|Any CPU = Debug|Any CPU
		Release|Any CPU = Release|Any CPU
	EndGlobalSection
	GlobalSection(ProjectConfigurationPlatforms) = postSolution
		{7C7A2865-3DC7-4BA0-87B6-606EF39A9080}.Debug|Any CPU.ActiveCfg = Debug|Any CPU
		{7C7A2865-3DC7-4BA0-87B6-606EF39A9080}.Debug|Any CPU.Build.0 = Debug|Any CPU
		{7C7A2865-3DC7-4BA0-87B6-606EF39A9080}.Debug|Any CPU.Deploy.0 = Debug|Any CPU
		{7C7A2865-3DC7-4BA0-87B6-606EF39A9080}.Release|Any CPU.ActiveCfg = Release|Any CPU
		{7C7A2865-3DC7-4BA0-87B6-606EF39A9080}.Release|Any CPU.Build.0 = Release|Any CPU
		{7C7A2865-3DC7-4BA0-87B6-606EF39A9080}.Release|Any CPU.Deploy.0 = Release|Any CPU
		{A901CB76-468D-4ED3-8DB1-3CEFBF058096}.Debug|Any CPU.ActiveCfg = Debug|Any CPU
		{A901CB76-468D-4ED3-8DB1-3CEFBF058096}.Debug|Any CPU.Build.0 = Debug|Any CPU
		{A901CB76-468D-4ED3-8DB1-3CEFBF058096}.Release|Any CPU.ActiveCfg = Release|Any CPU
		{A901CB76-468D-4ED3-8DB1-3CEFBF058096}.Release|Any CPU.Build.0 = Release|Any CPU
		{0BF7CAD5-1DC9-492A-AD95-2DCD5671F5DA}.Debug|Any CPU.ActiveCfg = Debug|Any CPU
		{0BF7CAD5-1DC9-492A-AD95-2DCD5671F5DA}.Debug|Any CPU.Build.0 = Debug|Any CPU
		{0BF7CAD5-1DC9-492A-AD95-2DCD5671F5DA}.Release|Any CPU.ActiveCfg = Release|Any CPU
		{0BF7CAD5-1DC9-492A-AD95-2DCD5671F5DA}.Release|Any CPU.Build.0 = Release|Any CPU
		{82712BEE-18FB-4190-AF71-2725A3A27F91}.Debug|Any CPU.ActiveCfg = Debug|Any CPU
		{82712BEE-18FB-4190-AF71-2725A3A27F91}.Debug|Any CPU.Build.0 = Debug|Any CPU
		{82712BEE-18FB-4190-AF71-2725A3A27F91}.Release|Any CPU.ActiveCfg = Release|Any CPU
		{82712BEE-18FB-4190-AF71-2725A3A27F91}.Release|Any CPU.Build.0 = Release|Any CPU
		{3ED8526D-5E36-4179-98BD-BC3AC3E9C19F}.Debug|Any CPU.ActiveCfg = Debug|Any CPU
		{3ED8526D-5E36-4179-98BD-BC3AC3E9C19F}.Debug|Any CPU.Build.0 = Debug|Any CPU
		{3ED8526D-5E36-4179-98BD-BC3AC3E9C19F}.Release|Any CPU.ActiveCfg = Release|Any CPU
		{3ED8526D-5E36-4179-98BD-BC3AC3E9C19F}.Release|Any CPU.Build.0 = Release|Any CPU
		{E1FA31F7-21F3-4502-8D46-95CAB0902A05}.Debug|Any CPU.ActiveCfg = Debug|Any CPU
		{E1FA31F7-21F3-4502-8D46-95CAB0902A05}.Debug|Any CPU.Build.0 = Debug|Any CPU
		{E1FA31F7-21F3-4502-8D46-95CAB0902A05}.Release|Any CPU.ActiveCfg = Release|Any CPU
		{E1FA31F7-21F3-4502-8D46-95CAB0902A05}.Release|Any CPU.Build.0 = Release|Any CPU
		{BC0935CC-94E7-4C6C-9F32-A04F85632A40}.Debug|Any CPU.ActiveCfg = Debug|Any CPU
		{BC0935CC-94E7-4C6C-9F32-A04F85632A40}.Debug|Any CPU.Build.0 = Debug|Any CPU
		{BC0935CC-94E7-4C6C-9F32-A04F85632A40}.Release|Any CPU.ActiveCfg = Release|Any CPU
		{BC0935CC-94E7-4C6C-9F32-A04F85632A40}.Release|Any CPU.Build.0 = Release|Any CPU
		{CD4A4AB4-41F7-4C4E-9498-CF090726D79E}.Debug|Any CPU.ActiveCfg = Debug|Any CPU
		{CD4A4AB4-41F7-4C4E-9498-CF090726D79E}.Debug|Any CPU.Build.0 = Debug|Any CPU
		{CD4A4AB4-41F7-4C4E-9498-CF090726D79E}.Release|Any CPU.ActiveCfg = Release|Any CPU
		{CD4A4AB4-41F7-4C4E-9498-CF090726D79E}.Release|Any CPU.Build.0 = Release|Any CPU
		{9EB83B35-2A86-4B7B-B430-0D043E0FAFC8}.Debug|Any CPU.ActiveCfg = Debug|Any CPU
		{9EB83B35-2A86-4B7B-B430-0D043E0FAFC8}.Debug|Any CPU.Build.0 = Debug|Any CPU
		{9EB83B35-2A86-4B7B-B430-0D043E0FAFC8}.Release|Any CPU.ActiveCfg = Release|Any CPU
		{9EB83B35-2A86-4B7B-B430-0D043E0FAFC8}.Release|Any CPU.Build.0 = Release|Any CPU
	EndGlobalSection
	GlobalSection(SolutionProperties) = preSolution
		HideSolutionNode = FALSE
	EndGlobalSection
EndGlobal
